
Microsoft Visual Studio Solution File, Format Version 12.00
# Visual Studio Version 17
VisualStudioVersion = 17.3.32929.385
MinimumVisualStudioVersion = 10.0.40219.1
Project("{FAE04EC0-301F-11D3-BF4B-00C04F79EFBC}") = "Rocky", "Rocky\Rocky.csproj", "{BE783E7E-C359-4A74-B94C-B61C5A888BA3}"
EndProject
Global
	GlobalSection(SolutionConfigurationPlatforms) = preSolution
		Debug|Any CPU = Debug|Any CPU
		Release|Any CPU = Release|Any CPU
	EndGlobalSection
	GlobalSection(ProjectConfigurationPlatforms) = postSolution
		{BE783E7E-C359-4A74-B94C-B61C5A888BA3}.Debug|Any CPU.ActiveCfg = Debug|Any CPU
		{BE783E7E-C359-4A74-B94C-B61C5A888BA3}.Debug|Any CPU.Build.0 = Debug|Any CPU
		{BE783E7E-C359-4A74-B94C-B61C5A888BA3}.Release|Any CPU.ActiveCfg = Release|Any CPU
		{BE783E7E-C359-4A74-B94C-B61C5A888BA3}.Release|Any CPU.Build.0 = Release|Any CPU
	EndGlobalSection
	GlobalSection(SolutionProperties) = preSolution
		HideSolutionNode = FALSE
	EndGlobalSection
	GlobalSection(ExtensibilityGlobals) = postSolution
		SolutionGuid = {09ECAC11-B9A3-4632-B34E-9889782220E0}
	EndGlobalSection
EndGlobal
